{
  "name": "system-display",
  "version": "0.0.1",
  "lockfileVersion": 2,
  "requires": true,
  "packages": {
    "": {
      "name": "system-display",
      "version": "0.0.1",
      "devDependencies": {
        "@tauri-apps/cli": "^1.2.2"
      }
    },
    "node_modules/@tauri-apps/cli": {
      "version": "1.2.2",
      "resolved": "https://registry.npmjs.org/@tauri-apps/cli/-/cli-1.2.2.tgz",
      "integrity": "sha512-D8zib3A0vWCvPPSyYLxww/OdDlVcY7fpcDVBH6qUvheOjj2aCyU7H9AYMRBwpgCfz8zY5+vomee+laLeB0H13w==",
      "dev": true,
      "bin": {
        "tauri": "tauri.js"
      },
      "engines": {
        "node": ">= 10"
      },
      "funding": {
        "type": "opencollective",
        "url": "https://opencollective.com/tauri"
      },
      "optionalDependencies": {
        "@tauri-apps/cli-darwin-arm64": "1.2.2",
        "@tauri-apps/cli-darwin-x64": "1.2.2",
        "@tauri-apps/cli-linux-arm-gnueabihf": "1.2.2",
        "@tauri-apps/cli-linux-arm64-gnu": "1.2.2",
        "@tauri-apps/cli-linux-arm64-musl": "1.2.2",
        "@tauri-apps/cli-linux-x64-gnu": "1.2.2",
        "@tauri-apps/cli-linux-x64-musl": "1.2.2",
        "@tauri-apps/cli-win32-ia32-msvc": "1.2.2",
        "@tauri-apps/cli-win32-x64-msvc": "1.2.2"
      }
    },
    "node_modules/@tauri-apps/cli-win32-x64-msvc": {
      "version": "1.2.2",
      "resolved": "https://registry.npmjs.org/@tauri-apps/cli-win32-x64-msvc/-/cli-win32-x64-msvc-1.2.2.tgz",
      "integrity": "sha512-YRPJguJma+zSuRZpFoSZqls6+laggG1vqG0FPQWQTi+ywATgMpai2b2RZnffDlpHKp9mt4V/s2dtqOy6bpGZHg==",
      "cpu": [
        "x64"
      ],
      "dev": true,
      "optional": true,
      "os": [
        "win32"
      ],
      "engines": {
        "node": ">= 10"
      }
    }
  },
  "dependencies": {
    "@tauri-apps/cli": {
      "version": "1.2.2",
      "resolved": "https://registry.npmjs.org/@tauri-apps/cli/-/cli-1.2.2.tgz",
      "integrity": "sha512-D8zib3A0vWCvPPSyYLxww/OdDlVcY7fpcDVBH6qUvheOjj2aCyU7H9AYMRBwpgCfz8zY5+vomee+laLeB0H13w==",
      "dev": true,
      "requires": {
        "@tauri-apps/cli-darwin-arm64": "1.2.2",
        "@tauri-apps/cli-darwin-x64": "1.2.2",
        "@tauri-apps/cli-linux-arm-gnueabihf": "1.2.2",
        "@tauri-apps/cli-linux-arm64-gnu": "1.2.2",
        "@tauri-apps/cli-linux-arm64-musl": "1.2.2",
        "@tauri-apps/cli-linux-x64-gnu": "1.2.2",
        "@tauri-apps/cli-linux-x64-musl": "1.2.2",
        "@tauri-apps/cli-win32-ia32-msvc": "1.2.2",
        "@tauri-apps/cli-win32-x64-msvc": "1.2.2"
      }
    },
    "@tauri-apps/cli-win32-x64-msvc": {
      "version": "1.2.2",
      "resolved": "https://registry.npmjs.org/@tauri-apps/cli-win32-x64-msvc/-/cli-win32-x64-msvc-1.2.2.tgz",
      "integrity": "sha512-YRPJguJma+zSuRZpFoSZqls6+laggG1vqG0FPQWQTi+ywATgMpai2b2RZnffDlpHKp9mt4V/s2dtqOy6bpGZHg==",
      "dev": true,
      "optional": true
    }
  }
}
